
Microsoft Visual Studio Solution File, Format Version 12.00
# Visual Studio Version 16
VisualStudioVersion = 16.0.32106.194
MinimumVisualStudioVersion = 10.0.40219.1
Project("{9A19103F-16F7-4668-BE54-9A1E7A4F7556}") = "ArtAuction.Core.Base", "ArtAuction.Core\ArtAuction.Core.Base.csproj", "{9DBFFABC-DC8D-4D64-9E43-F4FCB3720BB3}"
EndProject
Project("{9A19103F-16F7-4668-BE54-9A1E7A4F7556}") = "ArtAuction.Infrastructure.Data", "ArtAuction.Data\ArtAuction.Infrastructure.Data.csproj", "{D3187A39-E7CE-4788-87D4-5A8C4A0A7067}"
EndProject
Project("{9A19103F-16F7-4668-BE54-9A1E7A4F7556}") = "ArtAuction.Infrastructure.Services", "ArtAuction.Infrastructure\ArtAuction.Infrastructure.Services.csproj", "{E892215E-86BB-486E-9B68-5DB488257F9F}"
EndProject
Project("{9A19103F-16F7-4668-BE54-9A1E7A4F7556}") = "ArtAuction.Core.Domain", "ArtAuction.Domain\ArtAuction.Core.Domain.csproj", "{0B39D370-8218-4906-947C-75E425BF6820}"
EndProject
Project("{9A19103F-16F7-4668-BE54-9A1E7A4F7556}") = "ArtAuction.WebUI", "ArtAuction.WebUI\ArtAuction.WebUI.csproj", "{C7ABB631-2FB3-4327-B462-5F5BE45C6E9A}"
EndProject
Project("{2150E333-8FDC-42A3-9474-1A3956D46DE8}") = "ArtAuction.Core", "ArtAuction.Core", "{4A93EF74-F8CE-4894-A556-E0CB686653BB}"
EndProject
Project("{2150E333-8FDC-42A3-9474-1A3956D46DE8}") = "ArtAuction.Infrastructure", "ArtAuction.Infrastructure", "{BC187F43-2C9E-43AF-8A93-F906A6DC2016}"
EndProject
Project("{2150E333-8FDC-42A3-9474-1A3956D46DE8}") = "ArtAuction.Web", "ArtAuction.Web", "{03C0ED69-2342-47B2-BD97-2AB890B0B3BA}"
EndProject
Project("{2150E333-8FDC-42A3-9474-1A3956D46DE8}") = "ArtAuction.Tests", "ArtAuction.Tests", "{7C23537F-B60F-4788-BDAB-D2C62A513D8E}"
EndProject
Project("{FAE04EC0-301F-11D3-BF4B-00C04F79EFBC}") = "ArtAuction.Core.UnitTests", "..\tests\ArtAuction.Core.UnitTests\ArtAuction.Core.UnitTests.csproj", "{A160F596-9328-48B9-AECE-11FC0DB4ED27}"
EndProject
Project("{FAE04EC0-301F-11D3-BF4B-00C04F79EFBC}") = "ArtAuction.Infrastructure.IntegrationTests", "..\tests\ArtAuction.Infrastructure.IntegrationTests\ArtAuction.Infrastructure.IntegrationTests.csproj", "{4A947154-A2BB-4872-83A0-7757B9FA83E8}"
EndProject
Global
	GlobalSection(SolutionConfigurationPlatforms) = preSolution
		Debug|Any CPU = Debug|Any CPU
		Release|Any CPU = Release|Any CPU
	EndGlobalSection
	GlobalSection(ProjectConfigurationPlatforms) = postSolution
		{9DBFFABC-DC8D-4D64-9E43-F4FCB3720BB3}.Debug|Any CPU.ActiveCfg = Debug|Any CPU
		{9DBFFABC-DC8D-4D64-9E43-F4FCB3720BB3}.Debug|Any CPU.Build.0 = Debug|Any CPU
		{9DBFFABC-DC8D-4D64-9E43-F4FCB3720BB3}.Release|Any CPU.ActiveCfg = Release|Any CPU
		{9DBFFABC-DC8D-4D64-9E43-F4FCB3720BB3}.Release|Any CPU.Build.0 = Release|Any CPU
		{D3187A39-E7CE-4788-87D4-5A8C4A0A7067}.Debug|Any CPU.ActiveCfg = Debug|Any CPU
		{D3187A39-E7CE-4788-87D4-5A8C4A0A7067}.Debug|Any CPU.Build.0 = Debug|Any CPU
		{D3187A39-E7CE-4788-87D4-5A8C4A0A7067}.Release|Any CPU.ActiveCfg = Release|Any CPU
		{D3187A39-E7CE-4788-87D4-5A8C4A0A7067}.Release|Any CPU.Build.0 = Release|Any CPU
		{E892215E-86BB-486E-9B68-5DB488257F9F}.Debug|Any CPU.ActiveCfg = Debug|Any CPU
		{E892215E-86BB-486E-9B68-5DB488257F9F}.Debug|Any CPU.Build.0 = Debug|Any CPU
		{E892215E-86BB-486E-9B68-5DB488257F9F}.Release|Any CPU.ActiveCfg = Release|Any CPU
		{E892215E-86BB-486E-9B68-5DB488257F9F}.Release|Any CPU.Build.0 = Release|Any CPU
		{0B39D370-8218-4906-947C-75E425BF6820}.Debug|Any CPU.ActiveCfg = Debug|Any CPU
		{0B39D370-8218-4906-947C-75E425BF6820}.Debug|Any CPU.Build.0 = Debug|Any CPU
		{0B39D370-8218-4906-947C-75E425BF6820}.Release|Any CPU.ActiveCfg = Release|Any CPU
		{0B39D370-8218-4906-947C-75E425BF6820}.Release|Any CPU.Build.0 = Release|Any CPU
		{C7ABB631-2FB3-4327-B462-5F5BE45C6E9A}.Debug|Any CPU.ActiveCfg = Debug|Any CPU
		{C7ABB631-2FB3-4327-B462-5F5BE45C6E9A}.Debug|Any CPU.Build.0 = Debug|Any CPU
		{C7ABB631-2FB3-4327-B462-5F5BE45C6E9A}.Release|Any CPU.ActiveCfg = Release|Any CPU
		{C7ABB631-2FB3-4327-B462-5F5BE45C6E9A}.Release|Any CPU.Build.0 = Release|Any CPU
		{A160F596-9328-48B9-AECE-11FC0DB4ED27}.Debug|Any CPU.ActiveCfg = Debug|Any CPU
		{A160F596-9328-48B9-AECE-11FC0DB4ED27}.Debug|Any CPU.Build.0 = Debug|Any CPU
		{A160F596-9328-48B9-AECE-11FC0DB4ED27}.Release|Any CPU.ActiveCfg = Release|Any CPU
		{A160F596-9328-48B9-AECE-11FC0DB4ED27}.Release|Any CPU.Build.0 = Release|Any CPU
		{4A947154-A2BB-4872-83A0-7757B9FA83E8}.Debug|Any CPU.ActiveCfg = Debug|Any CPU
		{4A947154-A2BB-4872-83A0-7757B9FA83E8}.Debug|Any CPU.Build.0 = Debug|Any CPU
		{4A947154-A2BB-4872-83A0-7757B9FA83E8}.Release|Any CPU.ActiveCfg = Release|Any CPU
		{4A947154-A2BB-4872-83A0-7757B9FA83E8}.Release|Any CPU.Build.0 = Release|Any CPU
	EndGlobalSection
	GlobalSection(SolutionProperties) = preSolution
		HideSolutionNode = FALSE
	EndGlobalSection
	GlobalSection(NestedProjects) = preSolution
		{9DBFFABC-DC8D-4D64-9E43-F4FCB3720BB3} = {4A93EF74-F8CE-4894-A556-E0CB686653BB}
		{D3187A39-E7CE-4788-87D4-5A8C4A0A7067} = {BC187F43-2C9E-43AF-8A93-F906A6DC2016}
		{E892215E-86BB-486E-9B68-5DB488257F9F} = {BC187F43-2C9E-43AF-8A93-F906A6DC2016}
		{0B39D370-8218-4906-947C-75E425BF6820} = {4A93EF74-F8CE-4894-A556-E0CB686653BB}
		{C7ABB631-2FB3-4327-B462-5F5BE45C6E9A} = {03C0ED69-2342-47B2-BD97-2AB890B0B3BA}
		{A160F596-9328-48B9-AECE-11FC0DB4ED27} = {7C23537F-B60F-4788-BDAB-D2C62A513D8E}
		{4A947154-A2BB-4872-83A0-7757B9FA83E8} = {7C23537F-B60F-4788-BDAB-D2C62A513D8E}
	EndGlobalSection
	GlobalSection(ExtensibilityGlobals) = postSolution
		SolutionGuid = {FB8FA604-55A5-4A8A-86E7-819910DE11D7}
	EndGlobalSection
EndGlobal
